
Microsoft Visual Studio Solution File, Format Version 11.00
# Visual Studio 2010
Project("{FAE04EC0-301F-11D3-BF4B-00C04F79EFBC}") = "AFSDonations", "AFSDonations\AFSDonations.csproj", "{D6630783-77B3-44CF-BEC0-66BC0F66FA32}"
EndProject
Global
	GlobalSection(SolutionConfigurationPlatforms) = preSolution
		Debug|Any CPU = Debug|Any CPU
		Release|Any CPU = Release|Any CPU
	EndGlobalSection
	GlobalSection(ProjectConfigurationPlatforms) = postSolution
		{D6630783-77B3-44CF-BEC0-66BC0F66FA32}.Debug|Any CPU.ActiveCfg = Debug|Any CPU
		{D6630783-77B3-44CF-BEC0-66BC0F66FA32}.Debug|Any CPU.Build.0 = Debug|Any CPU
		{D6630783-77B3-44CF-BEC0-66BC0F66FA32}.Release|Any CPU.ActiveCfg = Release|Any CPU
		{D6630783-77B3-44CF-BEC0-66BC0F66FA32}.Release|Any CPU.Build.0 = Release|Any CPU
	EndGlobalSection
	GlobalSection(SolutionProperties) = preSolution
		HideSolutionNode = FALSE
	EndGlobalSection
EndGlobal
